
Microsoft Visual Studio Solution File, Format Version 12.00
# Visual Studio Version 17
VisualStudioVersion = 17.14.37203.1 d17.14
MinimumVisualStudioVersion = 10.0.40219.1
Project("{FAE04EC0-301F-11D3-BF4B-00C04F79EFBC}") = "Myra", "Myra.csproj", "{84141619-97E8-40D3-BB7F-6B1BE80446CF}"
EndProject
Global
	GlobalSection(SolutionConfigurationPlatforms) = preSolution
		Debug|x64 = Debug|x64
		Release|x64 = Release|x64
	EndGlobalSection
	GlobalSection(ProjectConfigurationPlatforms) = postSolution
		{84141619-97E8-40D3-BB7F-6B1BE80446CF}.Debug|x64.ActiveCfg = Debug|x64
		{84141619-97E8-40D3-BB7F-6B1BE80446CF}.Debug|x64.Build.0 = Debug|x64
		{84141619-97E8-40D3-BB7F-6B1BE80446CF}.Release|x64.ActiveCfg = Release|x64
		{84141619-97E8-40D3-BB7F-6B1BE80446CF}.Release|x64.Build.0 = Release|x64
	EndGlobalSection
	GlobalSection(SolutionProperties) = preSolution
		HideSolutionNode = FALSE
	EndGlobalSection
	GlobalSection(ExtensibilityGlobals) = postSolution
		SolutionGuid = {9E7A6DC7-D58F-47FE-8605-892F3FF620F3}
	EndGlobalSection
EndGlobal
